
Microsoft Visual Studio Solution File, Format Version 12.00
# Visual Studio Version 17
VisualStudioVersion = 17.7.34202.233
MinimumVisualStudioVersion = 10.0.40219.1
Project("{FAE04EC0-301F-11D3-BF4B-00C04F79EFBC}") = "Spot-Me", "Spot-Me\Spot-Me.csproj", "{FDAF8043-9CB0-46FE-A3F0-66FC93E732E0}"
EndProject
Global
	GlobalSection(SolutionConfigurationPlatforms) = preSolution
		Debug|Any CPU = Debug|Any CPU
		Release|Any CPU = Release|Any CPU
	EndGlobalSection
	GlobalSection(ProjectConfigurationPlatforms) = postSolution
		{FDAF8043-9CB0-46FE-A3F0-66FC93E732E0}.Debug|Any CPU.ActiveCfg = Debug|Any CPU
		{FDAF8043-9CB0-46FE-A3F0-66FC93E732E0}.Debug|Any CPU.Build.0 = Debug|Any CPU
		{FDAF8043-9CB0-46FE-A3F0-66FC93E732E0}.Release|Any CPU.ActiveCfg = Release|Any CPU
		{FDAF8043-9CB0-46FE-A3F0-66FC93E732E0}.Release|Any CPU.Build.0 = Release|Any CPU
	EndGlobalSection
	GlobalSection(SolutionProperties) = preSolution
		HideSolutionNode = FALSE
	EndGlobalSection
	GlobalSection(ExtensibilityGlobals) = postSolution
		SolutionGuid = {22EFD903-191F-4736-94FA-D3A9241347B1}
	EndGlobalSection
EndGlobal
